PODS:
  - Alamofire (4.0.1)
  - AlamofireOauth2 (2.0.1):
    - Alamofire
    - KeychainAccess
  - KeychainAccess (3.0.1)
  - LFLiveKit (2.5)
  - Moya (8.0.0-beta.2):
    - Moya/Core (= 8.0.0-beta.2)
  - Moya/Core (8.0.0-beta.2):
    - Alamofire (~> 4.0.0)
    - Result
  - Result (3.0.0)
  - SwiftyJSON (3.1.1)
  - XCDYouTubeKit (2.5.3)
  - XCGLogger (4.0.0):
    - XCGLogger/Core (= 4.0.0)
  - XCGLogger/Core (4.0.0)

DEPENDENCIES:
  - AlamofireOauth2
  - KeychainAccess
  - LFLiveKit
  - Moya (= 8.0.0-beta.2)
  - SwiftyJSON
  - XCDYouTubeKit (~> 2.5)
  - XCGLogger

SPEC CHECKSUMS:
  Alamofire: 7682d43245de14874acd142ec137b144aa1dd335
  AlamofireOauth2: f3f58d52bdac4c0340181d32ae7d9eaa4c5ed84b
  KeychainAccess: 017ea25e313a49eda10bb19b0bb0760fb1edfe1a
  LFLiveKit: 4361bd588ae0c9244589119ccdb1c30d14686414
  Moya: 920d40f738e6f4ece84010cec701bb9693be8251
  Result: 1b3e431f37cbcd3ad89c6aa9ab0ae55515fae3b6
  SwiftyJSON: f0be2e604f83e8405a624e9f891898bf6ed4e019
  XCDYouTubeKit: 90690f9e3523735dc93b8024269d991b0cfffe78
  XCGLogger: 38063ea89b4c8b23232d18efd2e12eb0005f3ea4

PODFILE CHECKSUM: 29c547de22e9dce98d3cc851d91eeb3680f13ab0

COCOAPODS: 1.2.0.beta.1
