// !$*UTF8*$!
{
	archiveVersion = 1;
	classes = {
	};
	objectVersion = 46;
	objects = {

/* Begin PBXBuildFile section */
		62F6B577B430D78912B92163 /* Pods_YouTubeLiveVideo.framework in Frameworks */ = {isa = PBXBuildFile; fileRef = 8D49C69C84C0F80F29371978 /* Pods_YouTubeLiveVideo.framework */; };
		7F10439B1DBDFA78006AA1EE /* Decodable.swift in Sources */ = {isa = PBXBuildFile; fileRef = 7F10439A1DBDFA78006AA1EE /* Decodable.swift */; };
		7F1043F01DBDFBCD006AA1EE /* AudioUtil.swift in Sources */ = {isa = PBXBuildFile; fileRef = 7F10439F1DBDFBCD006AA1EE /* AudioUtil.swift */; };
		7F1043F11DBDFBCD006AA1EE /* GLLFView.swift in Sources */ = {isa = PBXBuildFile; fileRef = 7F1043A01DBDFBCD006AA1EE /* GLLFView.swift */; };
		7F1043F21DBDFBCD006AA1EE /* LFView.swift in Sources */ = {isa = PBXBuildFile; fileRef = 7F1043A21DBDFBCD006AA1EE /* LFView.swift */; };
		7F1043F31DBDFBCD006AA1EE /* ScreenCaptureSession.swift in Sources */ = {isa = PBXBuildFile; fileRef = 7F1043A31DBDFBCD006AA1EE /* ScreenCaptureSession.swift */; };
		7F1043F41DBDFBCD006AA1EE /* VideoStreamViewController.swift in Sources */ = {isa = PBXBuildFile; fileRef = 7F1043A41DBDFBCD006AA1EE /* VideoStreamViewController.swift */; };
		7F1043F51DBDFBCD006AA1EE /* VisualEffects.swift in Sources */ = {isa = PBXBuildFile; fileRef = 7F1043A51DBDFBCD006AA1EE /* VisualEffects.swift */; };
		7F1043F61DBDFBCD006AA1EE /* AACEncoder.swift in Sources */ = {isa = PBXBuildFile; fileRef = 7F1043A81DBDFBCD006AA1EE /* AACEncoder.swift */; };
		7F1043F71DBDFBCD006AA1EE /* AVCDecoder.swift in Sources */ = {isa = PBXBuildFile; fileRef = 7F1043A91DBDFBCD006AA1EE /* AVCDecoder.swift */; };
		7F1043F81DBDFBCD006AA1EE /* AVCEncoder.swift in Sources */ = {isa = PBXBuildFile; fileRef = 7F1043AA1DBDFBCD006AA1EE /* AVCEncoder.swift */; };
		7F1043F91DBDFBCD006AA1EE /* Constant.swift in Sources */ = {isa = PBXBuildFile; fileRef = 7F1043AC1DBDFBCD006AA1EE /* Constant.swift */; };
		7F1043FA1DBDFBCD006AA1EE /* CoreMedia+Extension.swift in Sources */ = {isa = PBXBuildFile; fileRef = 7F1043AD1DBDFBCD006AA1EE /* CoreMedia+Extension.swift */; };
		7F1043FB1DBDFBCD006AA1EE /* Foundation+Extension.swift in Sources */ = {isa = PBXBuildFile; fileRef = 7F1043AE1DBDFBCD006AA1EE /* Foundation+Extension.swift */; };
		7F1043FC1DBDFBCD006AA1EE /* Protocol.swift in Sources */ = {isa = PBXBuildFile; fileRef = 7F1043AF1DBDFBCD006AA1EE /* Protocol.swift */; };
		7F1043FD1DBDFBCD006AA1EE /* SiwftCore+Extension.swift in Sources */ = {isa = PBXBuildFile; fileRef = 7F1043B01DBDFBCD006AA1EE /* SiwftCore+Extension.swift */; };
		7F1043FE1DBDFBCD006AA1EE /* HTTPRequest.swift in Sources */ = {isa = PBXBuildFile; fileRef = 7F1043B21DBDFBCD006AA1EE /* HTTPRequest.swift */; };
		7F1043FF1DBDFBCD006AA1EE /* HTTPResponse.swift in Sources */ = {isa = PBXBuildFile; fileRef = 7F1043B31DBDFBCD006AA1EE /* HTTPResponse.swift */; };
		7F1044001DBDFBCD006AA1EE /* HTTPService.swift in Sources */ = {isa = PBXBuildFile; fileRef = 7F1043B41DBDFBCD006AA1EE /* HTTPService.swift */; };
		7F1044011DBDFBCD006AA1EE /* HTTPStream.swift in Sources */ = {isa = PBXBuildFile; fileRef = 7F1043B51DBDFBCD006AA1EE /* HTTPStream.swift */; };
		7F1044021DBDFBCD006AA1EE /* M3U.swift in Sources */ = {isa = PBXBuildFile; fileRef = 7F1043B61DBDFBCD006AA1EE /* M3U.swift */; };
		7F1044031DBDFBCD006AA1EE /* TSReader.swift in Sources */ = {isa = PBXBuildFile; fileRef = 7F1043B71DBDFBCD006AA1EE /* TSReader.swift */; };
		7F1044041DBDFBCD006AA1EE /* TSWriter.swift in Sources */ = {isa = PBXBuildFile; fileRef = 7F1043B81DBDFBCD006AA1EE /* TSWriter.swift */; };
		7F1044051DBDFBCD006AA1EE /* AudioSpecificConfig.swift in Sources */ = {isa = PBXBuildFile; fileRef = 7F1043BA1DBDFBCD006AA1EE /* AudioSpecificConfig.swift */; };
		7F1044061DBDFBCD006AA1EE /* H264+AVC.swift in Sources */ = {isa = PBXBuildFile; fileRef = 7F1043BB1DBDFBCD006AA1EE /* H264+AVC.swift */; };
		7F1044071DBDFBCD006AA1EE /* MP4File.swift in Sources */ = {isa = PBXBuildFile; fileRef = 7F1043BC1DBDFBCD006AA1EE /* MP4File.swift */; };
		7F1044081DBDFBCD006AA1EE /* NALUnit.swift in Sources */ = {isa = PBXBuildFile; fileRef = 7F1043BD1DBDFBCD006AA1EE /* NALUnit.swift */; };
		7F1044091DBDFBCD006AA1EE /* PacketizedElementaryStream.swift in Sources */ = {isa = PBXBuildFile; fileRef = 7F1043BE1DBDFBCD006AA1EE /* PacketizedElementaryStream.swift */; };
		7F10440A1DBDFBCD006AA1EE /* ProgramSpecific.swift in Sources */ = {isa = PBXBuildFile; fileRef = 7F1043BF1DBDFBCD006AA1EE /* ProgramSpecific.swift */; };
		7F10440B1DBDFBCD006AA1EE /* TransportStream.swift in Sources */ = {isa = PBXBuildFile; fileRef = 7F1043C01DBDFBCD006AA1EE /* TransportStream.swift */; };
		7F10440C1DBDFBCD006AA1EE /* AudioIOComponent.swift in Sources */ = {isa = PBXBuildFile; fileRef = 7F1043C21DBDFBCD006AA1EE /* AudioIOComponent.swift */; };
		7F10440D1DBDFBCD006AA1EE /* AudioStreamPlayback.swift in Sources */ = {isa = PBXBuildFile; fileRef = 7F1043C31DBDFBCD006AA1EE /* AudioStreamPlayback.swift */; };
		7F10440E1DBDFBCD006AA1EE /* AVMixer.swift in Sources */ = {isa = PBXBuildFile; fileRef = 7F1043C41DBDFBCD006AA1EE /* AVMixer.swift */; };
		7F10440F1DBDFBCD006AA1EE /* AVMixerRecorder.swift in Sources */ = {isa = PBXBuildFile; fileRef = 7F1043C51DBDFBCD006AA1EE /* AVMixerRecorder.swift */; };
		7F1044101DBDFBCD006AA1EE /* IOComponent.swift in Sources */ = {isa = PBXBuildFile; fileRef = 7F1043C61DBDFBCD006AA1EE /* IOComponent.swift */; };
		7F1044111DBDFBCD006AA1EE /* SoundTransform.swift in Sources */ = {isa = PBXBuildFile; fileRef = 7F1043C71DBDFBCD006AA1EE /* SoundTransform.swift */; };
		7F1044121DBDFBCD006AA1EE /* Stream.swift in Sources */ = {isa = PBXBuildFile; fileRef = 7F1043C81DBDFBCD006AA1EE /* Stream.swift */; };
		7F1044131DBDFBCD006AA1EE /* VideoIOComponent.swift in Sources */ = {isa = PBXBuildFile; fileRef = 7F1043C91DBDFBCD006AA1EE /* VideoIOComponent.swift */; };
		7F1044141DBDFBCD006AA1EE /* VisualEffect.swift in Sources */ = {isa = PBXBuildFile; fileRef = 7F1043CA1DBDFBCD006AA1EE /* VisualEffect.swift */; };
		7F1044151DBDFBCD006AA1EE /* MIME.swift in Sources */ = {isa = PBXBuildFile; fileRef = 7F1043CC1DBDFBCD006AA1EE /* MIME.swift */; };
		7F1044161DBDFBCD006AA1EE /* NetClient.swift in Sources */ = {isa = PBXBuildFile; fileRef = 7F1043CD1DBDFBCD006AA1EE /* NetClient.swift */; };
		7F1044171DBDFBCD006AA1EE /* NetService.swift in Sources */ = {isa = PBXBuildFile; fileRef = 7F1043CE1DBDFBCD006AA1EE /* NetService.swift */; };
		7F1044181DBDFBCD006AA1EE /* NetSocket.swift in Sources */ = {isa = PBXBuildFile; fileRef = 7F1043CF1DBDFBCD006AA1EE /* NetSocket.swift */; };
		7F1044191DBDFBCD006AA1EE /* AMF0Serializer.swift in Sources */ = {isa = PBXBuildFile; fileRef = 7F1043D11DBDFBCD006AA1EE /* AMF0Serializer.swift */; };
		7F10441A1DBDFBCD006AA1EE /* AMF3Serializer.swift in Sources */ = {isa = PBXBuildFile; fileRef = 7F1043D21DBDFBCD006AA1EE /* AMF3Serializer.swift */; };
		7F10441B1DBDFBCD006AA1EE /* ASClass.swift in Sources */ = {isa = PBXBuildFile; fileRef = 7F1043D31DBDFBCD006AA1EE /* ASClass.swift */; };
		7F10441C1DBDFBCD006AA1EE /* FLVTag.swift in Sources */ = {isa = PBXBuildFile; fileRef = 7F1043D41DBDFBCD006AA1EE /* FLVTag.swift */; };
		7F10441D1DBDFBCD006AA1EE /* RTMPAudioPlayback.swift in Sources */ = {isa = PBXBuildFile; fileRef = 7F1043D51DBDFBCD006AA1EE /* RTMPAudioPlayback.swift */; };
		7F10441E1DBDFBCD006AA1EE /* RTMPChunk.swift in Sources */ = {isa = PBXBuildFile; fileRef = 7F1043D61DBDFBCD006AA1EE /* RTMPChunk.swift */; };
		7F10441F1DBDFBCD006AA1EE /* RTMPConnection.swift in Sources */ = {isa = PBXBuildFile; fileRef = 7F1043D71DBDFBCD006AA1EE /* RTMPConnection.swift */; };
		7F1044201DBDFBCD006AA1EE /* RTMPMessage.swift in Sources */ = {isa = PBXBuildFile; fileRef = 7F1043D81DBDFBCD006AA1EE /* RTMPMessage.swift */; };
		7F1044211DBDFBCD006AA1EE /* RTMPMuxer.swift in Sources */ = {isa = PBXBuildFile; fileRef = 7F1043D91DBDFBCD006AA1EE /* RTMPMuxer.swift */; };
		7F1044221DBDFBCD006AA1EE /* RTMPSharedObject.swift in Sources */ = {isa = PBXBuildFile; fileRef = 7F1043DA1DBDFBCD006AA1EE /* RTMPSharedObject.swift */; };
		7F1044231DBDFBCD006AA1EE /* RTMPSocket.swift in Sources */ = {isa = PBXBuildFile; fileRef = 7F1043DB1DBDFBCD006AA1EE /* RTMPSocket.swift */; };
		7F1044241DBDFBCD006AA1EE /* RTMPStream.swift in Sources */ = {isa = PBXBuildFile; fileRef = 7F1043DC1DBDFBCD006AA1EE /* RTMPStream.swift */; };
		7F1044251DBDFBCD006AA1EE /* RTPPacket.swift in Sources */ = {isa = PBXBuildFile; fileRef = 7F1043DE1DBDFBCD006AA1EE /* RTPPacket.swift */; };
		7F1044261DBDFBCD006AA1EE /* RTPService.swift in Sources */ = {isa = PBXBuildFile; fileRef = 7F1043DF1DBDFBCD006AA1EE /* RTPService.swift */; };
		7F1044271DBDFBCD006AA1EE /* RTSPConnection.swift in Sources */ = {isa = PBXBuildFile; fileRef = 7F1043E11DBDFBCD006AA1EE /* RTSPConnection.swift */; };
		7F1044281DBDFBCD006AA1EE /* RTSPRequest.swift in Sources */ = {isa = PBXBuildFile; fileRef = 7F1043E21DBDFBCD006AA1EE /* RTSPRequest.swift */; };
		7F1044291DBDFBCD006AA1EE /* RTSPResponse.swift in Sources */ = {isa = PBXBuildFile; fileRef = 7F1043E31DBDFBCD006AA1EE /* RTSPResponse.swift */; };
		7F10442A1DBDFBCD006AA1EE /* RTSPSocket.swift in Sources */ = {isa = PBXBuildFile; fileRef = 7F1043E41DBDFBCD006AA1EE /* RTSPSocket.swift */; };
		7F10442B1DBDFBCD006AA1EE /* RTSPStream.swift in Sources */ = {isa = PBXBuildFile; fileRef = 7F1043E51DBDFBCD006AA1EE /* RTSPStream.swift */; };
		7F10442C1DBDFBCD006AA1EE /* SessionDescription.swift in Sources */ = {isa = PBXBuildFile; fileRef = 7F1043E61DBDFBCD006AA1EE /* SessionDescription.swift */; };
		7F10442D1DBDFBCD006AA1EE /* ByteArray.swift in Sources */ = {isa = PBXBuildFile; fileRef = 7F1043E81DBDFBCD006AA1EE /* ByteArray.swift */; };
		7F10442E1DBDFBCD006AA1EE /* ClockedQueue.swift in Sources */ = {isa = PBXBuildFile; fileRef = 7F1043E91DBDFBCD006AA1EE /* ClockedQueue.swift */; };
		7F10442F1DBDFBCD006AA1EE /* CRC32.swift in Sources */ = {isa = PBXBuildFile; fileRef = 7F1043EA1DBDFBCD006AA1EE /* CRC32.swift */; };
		7F1044301DBDFBCD006AA1EE /* DeviceUtil.swift in Sources */ = {isa = PBXBuildFile; fileRef = 7F1043EB1DBDFBCD006AA1EE /* DeviceUtil.swift */; };
		7F1044311DBDFBCD006AA1EE /* EventDispatcher.swift in Sources */ = {isa = PBXBuildFile; fileRef = 7F1043EC1DBDFBCD006AA1EE /* EventDispatcher.swift */; };
		7F1044321DBDFBCD006AA1EE /* MD5.swift in Sources */ = {isa = PBXBuildFile; fileRef = 7F1043ED1DBDFBCD006AA1EE /* MD5.swift */; };
		7F1044331DBDFBCD006AA1EE /* Mutex.swift in Sources */ = {isa = PBXBuildFile; fileRef = 7F1043EE1DBDFBCD006AA1EE /* Mutex.swift */; };
		7F1044341DBDFBCD006AA1EE /* VideoGravityUtil.swift in Sources */ = {isa = PBXBuildFile; fileRef = 7F1043EF1DBDFBCD006AA1EE /* VideoGravityUtil.swift */; };
		7F10443A1DBDFFF3006AA1EE /* Alert.swift in Sources */ = {isa = PBXBuildFile; fileRef = 7F1044381DBDFFF3006AA1EE /* Alert.swift */; };
		7F10443B1DBDFFF3006AA1EE /* StatusBarShowingViewController.swift in Sources */ = {isa = PBXBuildFile; fileRef = 7F1044391DBDFFF3006AA1EE /* StatusBarShowingViewController.swift */; };
		7F1044421DBE0957006AA1EE /* JsonUtility.m in Sources */ = {isa = PBXBuildFile; fileRef = 7F1044411DBE0957006AA1EE /* JsonUtility.m */; };
		7F1044441DBE0AA9006AA1EE /* DateConverter.swift in Sources */ = {isa = PBXBuildFile; fileRef = 7F1044431DBE0AA9006AA1EE /* DateConverter.swift */; };
		7F1044471DBE2325006AA1EE /* FBSDKCoreKit.framework in Frameworks */ = {isa = PBXBuildFile; fileRef = 7F1044451DBE2325006AA1EE /* FBSDKCoreKit.framework */; };
		7F1044481DBE2325006AA1EE /* FBSDKLoginKit.framework in Frameworks */ = {isa = PBXBuildFile; fileRef = 7F1044461DBE2325006AA1EE /* FBSDKLoginKit.framework */; };
		7F83E3371DBDD35500DE4102 /* TableViewCell.swift in Sources */ = {isa = PBXBuildFile; fileRef = 7F83E3361DBDD35500DE4102 /* TableViewCell.swift */; };
		7F83E34C1DBDD49100DE4102 /* YouTubeConfigurator.swift in Sources */ = {isa = PBXBuildFile; fileRef = 7F83E3481DBDD49100DE4102 /* YouTubeConfigurator.swift */; };
		7F83E34D1DBDD49100DE4102 /* YouTubeLiveStreamingPresenter.swift in Sources */ = {isa = PBXBuildFile; fileRef = 7F83E3491DBDD49100DE4102 /* YouTubeLiveStreamingPresenter.swift */; };
		7F83E34E1DBDD49100DE4102 /* YouTubeLiveStreamingRequest.swift in Sources */ = {isa = PBXBuildFile; fileRef = 7F83E34A1DBDD49100DE4102 /* YouTubeLiveStreamingRequest.swift */; };
		7F83E34F1DBDD49100DE4102 /* YouTubeLiveStreamingWorker.swift in Sources */ = {isa = PBXBuildFile; fileRef = 7F83E34B1DBDD49100DE4102 /* YouTubeLiveStreamingWorker.swift */; };
		7F83E3551DBDD50100DE4102 /* LiveBroadcastErrorModel.swift in Sources */ = {isa = PBXBuildFile; fileRef = 7F83E3501DBDD50100DE4102 /* LiveBroadcastErrorModel.swift */; };
		7F83E3561DBDD50100DE4102 /* LiveBroadcastListModel.swift in Sources */ = {isa = PBXBuildFile; fileRef = 7F83E3511DBDD50100DE4102 /* LiveBroadcastListModel.swift */; };
		7F83E3571DBDD50100DE4102 /* LiveBroadcastStreamModel.swift in Sources */ = {isa = PBXBuildFile; fileRef = 7F83E3521DBDD50100DE4102 /* LiveBroadcastStreamModel.swift */; };
		7F83E3581DBDD50100DE4102 /* LiveStreamListModel.swift in Sources */ = {isa = PBXBuildFile; fileRef = 7F83E3531DBDD50100DE4102 /* LiveStreamListModel.swift */; };
		7F83E3591DBDD50100DE4102 /* LiveStreamModel.swift in Sources */ = {isa = PBXBuildFile; fileRef = 7F83E3541DBDD50100DE4102 /* LiveStreamModel.swift */; };
		7F83E35B1DBDD58C00DE4102 /* YoutubeWorker.swift in Sources */ = {isa = PBXBuildFile; fileRef = 7F83E35A1DBDD58C00DE4102 /* YoutubeWorker.swift */; };
		7F83E35D1DBDD5DB00DE4102 /* YoutubePlayerViewController.swift in Sources */ = {isa = PBXBuildFile; fileRef = 7F83E35C1DBDD5DB00DE4102 /* YoutubePlayerViewController.swift */; };
		7F9274AC1DBDCAD00051DE6B /* AppDelegate.swift in Sources */ = {isa = PBXBuildFile; fileRef = 7F9274AB1DBDCAD00051DE6B /* AppDelegate.swift */; };
		7F9274AE1DBDCAD00051DE6B /* ViewController.swift in Sources */ = {isa = PBXBuildFile; fileRef = 7F9274AD1DBDCAD00051DE6B /* ViewController.swift */; };
		7F9274B11DBDCAD00051DE6B /* Main.storyboard in Resources */ = {isa = PBXBuildFile; fileRef = 7F9274AF1DBDCAD00051DE6B /* Main.storyboard */; };
		7F9274B31DBDCAD00051DE6B /* Assets.xcassets in Resources */ = {isa = PBXBuildFile; fileRef = 7F9274B21DBDCAD00051DE6B /* Assets.xcassets */; };
		7F9274B61DBDCAD00051DE6B /* LaunchScreen.storyboard in Resources */ = {isa = PBXBuildFile; fileRef = 7F9274B41DBDCAD00051DE6B /* LaunchScreen.storyboard */; };
/* End PBXBuildFile section */

/* Begin PBXFileReference section */
		1D25A3DFDBD2707F0A23DDB9 /* Pods-YouTubeLiveVideo.release.xcconfig */ = {isa = PBXFileReference; includeInIndex = 1; lastKnownFileType = text.xcconfig; name = "Pods-YouTubeLiveVideo.release.xcconfig"; path = "Pods/Target Support Files/Pods-YouTubeLiveVideo/Pods-YouTubeLiveVideo.release.xcconfig"; sourceTree = "<group>"; };
		2F6AF40A23D40D691D15F9E0 /* Pods-YouTubeLiveVideo.debug.xcconfig */ = {isa = PBXFileReference; includeInIndex = 1; lastKnownFileType = text.xcconfig; name = "Pods-YouTubeLiveVideo.debug.xcconfig"; path = "Pods/Target Support Files/Pods-YouTubeLiveVideo/Pods-YouTubeLiveVideo.debug.xcconfig"; sourceTree = "<group>"; };
		7F10439A1DBDFA78006AA1EE /* Decodable.swift */ = {isa = PBXFileReference; fileEncoding = 4; lastKnownFileType = sourcecode.swift; path = Decodable.swift; sourceTree = "<group>"; };
		7F10439F1DBDFBCD006AA1EE /* AudioUtil.swift */ = {isa = PBXFileReference; fileEncoding = 4; lastKnownFileType = sourcecode.swift; path = AudioUtil.swift; sourceTree = "<group>"; };
		7F1043A01DBDFBCD006AA1EE /* GLLFView.swift */ = {isa = PBXFileReference; fileEncoding = 4; lastKnownFileType = sourcecode.swift; path = GLLFView.swift; sourceTree = "<group>"; };
		7F1043A11DBDFBCD006AA1EE /* lf.h */ = {isa = PBXFileReference; fileEncoding = 4; lastKnownFileType = sourcecode.c.h; path = lf.h; sourceTree = "<group>"; };
		7F1043A21DBDFBCD006AA1EE /* LFView.swift */ = {isa = PBXFileReference; fileEncoding = 4; lastKnownFileType = sourcecode.swift; path = LFView.swift; sourceTree = "<group>"; };
		7F1043A31DBDFBCD006AA1EE /* ScreenCaptureSession.swift */ = {isa = PBXFileReference; fileEncoding = 4; lastKnownFileType = sourcecode.swift; path = ScreenCaptureSession.swift; sourceTree = "<group>"; };
		7F1043A41DBDFBCD006AA1EE /* VideoStreamViewController.swift */ = {isa = PBXFileReference; fileEncoding = 4; lastKnownFileType = sourcecode.swift; path = VideoStreamViewController.swift; sourceTree = "<group>"; };
		7F1043A51DBDFBCD006AA1EE /* VisualEffects.swift */ = {isa = PBXFileReference; fileEncoding = 4; lastKnownFileType = sourcecode.swift; path = VisualEffects.swift; sourceTree = "<group>"; };
		7F1043A81DBDFBCD006AA1EE /* AACEncoder.swift */ = {isa = PBXFileReference; fileEncoding = 4; lastKnownFileType = sourcecode.swift; path = AACEncoder.swift; sourceTree = "<group>"; };
		7F1043A91DBDFBCD006AA1EE /* AVCDecoder.swift */ = {isa = PBXFileReference; fileEncoding = 4; lastKnownFileType = sourcecode.swift; path = AVCDecoder.swift; sourceTree = "<group>"; };
		7F1043AA1DBDFBCD006AA1EE /* AVCEncoder.swift */ = {isa = PBXFileReference; fileEncoding = 4; lastKnownFileType = sourcecode.swift; path = AVCEncoder.swift; sourceTree = "<group>"; };
		7F1043AC1DBDFBCD006AA1EE /* Constant.swift */ = {isa = PBXFileReference; fileEncoding = 4; lastKnownFileType = sourcecode.swift; path = Constant.swift; sourceTree = "<group>"; };
		7F1043AD1DBDFBCD006AA1EE /* CoreMedia+Extension.swift */ = {isa = PBXFileReference; fileEncoding = 4; lastKnownFileType = sourcecode.swift; path = "CoreMedia+Extension.swift"; sourceTree = "<group>"; };
		7F1043AE1DBDFBCD006AA1EE /* Foundation+Extension.swift */ = {isa = PBXFileReference; fileEncoding = 4; lastKnownFileType = sourcecode.swift; path = "Foundation+Extension.swift"; sourceTree = "<group>"; };
		7F1043AF1DBDFBCD006AA1EE /* Protocol.swift */ = {isa = PBXFileReference; fileEncoding = 4; lastKnownFileType = sourcecode.swift; path = Protocol.swift; sourceTree = "<group>"; };
		7F1043B01DBDFBCD006AA1EE /* SiwftCore+Extension.swift */ = {isa = PBXFileReference; fileEncoding = 4; lastKnownFileType = sourcecode.swift; path = "SiwftCore+Extension.swift"; sourceTree = "<group>"; };
		7F1043B21DBDFBCD006AA1EE /* HTTPRequest.swift */ = {isa = PBXFileReference; fileEncoding = 4; lastKnownFileType = sourcecode.swift; path = HTTPRequest.swift; sourceTree = "<group>"; };
		7F1043B31DBDFBCD006AA1EE /* HTTPResponse.swift */ = {isa = PBXFileReference; fileEncoding = 4; lastKnownFileType = sourcecode.swift; path = HTTPResponse.swift; sourceTree = "<group>"; };
		7F1043B41DBDFBCD006AA1EE /* HTTPService.swift */ = {isa = PBXFileReference; fileEncoding = 4; lastKnownFileType = sourcecode.swift; path = HTTPService.swift; sourceTree = "<group>"; };
		7F1043B51DBDFBCD006AA1EE /* HTTPStream.swift */ = {isa = PBXFileReference; fileEncoding = 4; lastKnownFileType = sourcecode.swift; path = HTTPStream.swift; sourceTree = "<group>"; };
		7F1043B61DBDFBCD006AA1EE /* M3U.swift */ = {isa = PBXFileReference; fileEncoding = 4; lastKnownFileType = sourcecode.swift; path = M3U.swift; sourceTree = "<group>"; };
		7F1043B71DBDFBCD006AA1EE /* TSReader.swift */ = {isa = PBXFileReference; fileEncoding = 4; lastKnownFileType = sourcecode.swift; path = TSReader.swift; sourceTree = "<group>"; };
		7F1043B81DBDFBCD006AA1EE /* TSWriter.swift */ = {isa = PBXFileReference; fileEncoding = 4; lastKnownFileType = sourcecode.swift; path = TSWriter.swift; sourceTree = "<group>"; };
		7F1043BA1DBDFBCD006AA1EE /* AudioSpecificConfig.swift */ = {isa = PBXFileReference; fileEncoding = 4; lastKnownFileType = sourcecode.swift; path = AudioSpecificConfig.swift; sourceTree = "<group>"; };
		7F1043BB1DBDFBCD006AA1EE /* H264+AVC.swift */ = {isa = PBXFileReference; fileEncoding = 4; lastKnownFileType = sourcecode.swift; path = "H264+AVC.swift"; sourceTree = "<group>"; };
		7F1043BC1DBDFBCD006AA1EE /* MP4File.swift */ = {isa = PBXFileReference; fileEncoding = 4; lastKnownFileType = sourcecode.swift; path = MP4File.swift; sourceTree = "<group>"; };
		7F1043BD1DBDFBCD006AA1EE /* NALUnit.swift */ = {isa = PBXFileReference; fileEncoding = 4; lastKnownFileType = sourcecode.swift; path = NALUnit.swift; sourceTree = "<group>"; };
		7F1043BE1DBDFBCD006AA1EE /* PacketizedElementaryStream.swift */ = {isa = PBXFileReference; fileEncoding = 4; lastKnownFileType = sourcecode.swift; path = PacketizedElementaryStream.swift; sourceTree = "<group>"; };
		7F1043BF1DBDFBCD006AA1EE /* ProgramSpecific.swift */ = {isa = PBXFileReference; fileEncoding = 4; lastKnownFileType = sourcecode.swift; path = ProgramSpecific.swift; sourceTree = "<group>"; };
		7F1043C01DBDFBCD006AA1EE /* TransportStream.swift */ = {isa = PBXFileReference; fileEncoding = 4; lastKnownFileType = sourcecode.swift; path = TransportStream.swift; sourceTree = "<group>"; };
		7F1043C21DBDFBCD006AA1EE /* AudioIOComponent.swift */ = {isa = PBXFileReference; fileEncoding = 4; lastKnownFileType = sourcecode.swift; path = AudioIOComponent.swift; sourceTree = "<group>"; };
		7F1043C31DBDFBCD006AA1EE /* AudioStreamPlayback.swift */ = {isa = PBXFileReference; fileEncoding = 4; lastKnownFileType = sourcecode.swift; path = AudioStreamPlayback.swift; sourceTree = "<group>"; };
		7F1043C41DBDFBCD006AA1EE /* AVMixer.swift */ = {isa = PBXFileReference; fileEncoding = 4; lastKnownFileType = sourcecode.swift; path = AVMixer.swift; sourceTree = "<group>"; };
		7F1043C51DBDFBCD006AA1EE /* AVMixerRecorder.swift */ = {isa = PBXFileReference; fileEncoding = 4; lastKnownFileType = sourcecode.swift; path = AVMixerRecorder.swift; sourceTree = "<group>"; };
		7F1043C61DBDFBCD006AA1EE /* IOComponent.swift */ = {isa = PBXFileReference; fileEncoding = 4; lastKnownFileType = sourcecode.swift; path = IOComponent.swift; sourceTree = "<group>"; };
		7F1043C71DBDFBCD006AA1EE /* SoundTransform.swift */ = {isa = PBXFileReference; fileEncoding = 4; lastKnownFileType = sourcecode.swift; path = SoundTransform.swift; sourceTree = "<group>"; };
		7F1043C81DBDFBCD006AA1EE /* Stream.swift */ = {isa = PBXFileReference; fileEncoding = 4; lastKnownFileType = sourcecode.swift; path = Stream.swift; sourceTree = "<group>"; };
		7F1043C91DBDFBCD006AA1EE /* VideoIOComponent.swift */ = {isa = PBXFileReference; fileEncoding = 4; lastKnownFileType = sourcecode.swift; path = VideoIOComponent.swift; sourceTree = "<group>"; };
		7F1043CA1DBDFBCD006AA1EE /* VisualEffect.swift */ = {isa = PBXFileReference; fileEncoding = 4; lastKnownFileType = sourcecode.swift; path = VisualEffect.swift; sourceTree = "<group>"; };
		7F1043CC1DBDFBCD006AA1EE /* MIME.swift */ = {isa = PBXFileReference; fileEncoding = 4; lastKnownFileType = sourcecode.swift; path = MIME.swift; sourceTree = "<group>"; };
		7F1043CD1DBDFBCD006AA1EE /* NetClient.swift */ = {isa = PBXFileReference; fileEncoding = 4; lastKnownFileType = sourcecode.swift; path = NetClient.swift; sourceTree = "<group>"; };
		7F1043CE1DBDFBCD006AA1EE /* NetService.swift */ = {isa = PBXFileReference; fileEncoding = 4; lastKnownFileType = sourcecode.swift; path = NetService.swift; sourceTree = "<group>"; };
		7F1043CF1DBDFBCD006AA1EE /* NetSocket.swift */ = {isa = PBXFileReference; fileEncoding = 4; lastKnownFileType = sourcecode.swift; path = NetSocket.swift; sourceTree = "<group>"; };
		7F1043D11DBDFBCD006AA1EE /* AMF0Serializer.swift */ = {isa = PBXFileReference; fileEncoding = 4; lastKnownFileType = sourcecode.swift; path = AMF0Serializer.swift; sourceTree = "<group>"; };
		7F1043D21DBDFBCD006AA1EE /* AMF3Serializer.swift */ = {isa = PBXFileReference; fileEncoding = 4; lastKnownFileType = sourcecode.swift; path = AMF3Serializer.swift; sourceTree = "<group>"; };
		7F1043D31DBDFBCD006AA1EE /* ASClass.swift */ = {isa = PBXFileReference; fileEncoding = 4; lastKnownFileType = sourcecode.swift; path = ASClass.swift; sourceTree = "<group>"; };
		7F1043D41DBDFBCD006AA1EE /* FLVTag.swift */ = {isa = PBXFileReference; fileEncoding = 4; lastKnownFileType = sourcecode.swift; path = FLVTag.swift; sourceTree = "<group>"; };
		7F1043D51DBDFBCD006AA1EE /* RTMPAudioPlayback.swift */ = {isa = PBXFileReference; fileEncoding = 4; lastKnownFileType = sourcecode.swift; path = RTMPAudioPlayback.swift; sourceTree = "<group>"; };
		7F1043D61DBDFBCD006AA1EE /* RTMPChunk.swift */ = {isa = PBXFileReference; fileEncoding = 4; lastKnownFileType = sourcecode.swift; path = RTMPChunk.swift; sourceTree = "<group>"; };
		7F1043D71DBDFBCD006AA1EE /* RTMPConnection.swift */ = {isa = PBXFileReference; fileEncoding = 4; lastKnownFileType = sourcecode.swift; path = RTMPConnection.swift; sourceTree = "<group>"; };
		7F1043D81DBDFBCD006AA1EE /* RTMPMessage.swift */ = {isa = PBXFileReference; fileEncoding = 4; lastKnownFileType = sourcecode.swift; path = RTMPMessage.swift; sourceTree = "<group>"; };
		7F1043D91DBDFBCD006AA1EE /* RTMPMuxer.swift */ = {isa = PBXFileReference; fileEncoding = 4; lastKnownFileType = sourcecode.swift; path = RTMPMuxer.swift; sourceTree = "<group>"; };
		7F1043DA1DBDFBCD006AA1EE /* RTMPSharedObject.swift */ = {isa = PBXFileReference; fileEncoding = 4; lastKnownFileType = sourcecode.swift; path = RTMPSharedObject.swift; sourceTree = "<group>"; };
		7F1043DB1DBDFBCD006AA1EE /* RTMPSocket.swift */ = {isa = PBXFileReference; fileEncoding = 4; lastKnownFileType = sourcecode.swift; path = RTMPSocket.swift; sourceTree = "<group>"; };
		7F1043DC1DBDFBCD006AA1EE /* RTMPStream.swift */ = {isa = PBXFileReference; fileEncoding = 4; lastKnownFileType = sourcecode.swift; path = RTMPStream.swift; sourceTree = "<group>"; };
		7F1043DE1DBDFBCD006AA1EE /* RTPPacket.swift */ = {isa = PBXFileReference; fileEncoding = 4; lastKnownFileType = sourcecode.swift; path = RTPPacket.swift; sourceTree = "<group>"; };
		7F1043DF1DBDFBCD006AA1EE /* RTPService.swift */ = {isa = PBXFileReference; fileEncoding = 4; lastKnownFileType = sourcecode.swift; path = RTPService.swift; sourceTree = "<group>"; };
		7F1043E11DBDFBCD006AA1EE /* RTSPConnection.swift */ = {isa = PBXFileReference; fileEncoding = 4; lastKnownFileType = sourcecode.swift; path = RTSPConnection.swift; sourceTree = "<group>"; };
		7F1043E21DBDFBCD006AA1EE /* RTSPRequest.swift */ = {isa = PBXFileReference; fileEncoding = 4; lastKnownFileType = sourcecode.swift; path = RTSPRequest.swift; sourceTree = "<group>"; };
		7F1043E31DBDFBCD006AA1EE /* RTSPResponse.swift */ = {isa = PBXFileReference; fileEncoding = 4; lastKnownFileType = sourcecode.swift; path = RTSPResponse.swift; sourceTree = "<group>"; };
		7F1043E41DBDFBCD006AA1EE /* RTSPSocket.swift */ = {isa = PBXFileReference; fileEncoding = 4; lastKnownFileType = sourcecode.swift; path = RTSPSocket.swift; sourceTree = "<group>"; };
		7F1043E51DBDFBCD006AA1EE /* RTSPStream.swift */ = {isa = PBXFileReference; fileEncoding = 4; lastKnownFileType = sourcecode.swift; path = RTSPStream.swift; sourceTree = "<group>"; };
		7F1043E61DBDFBCD006AA1EE /* SessionDescription.swift */ = {isa = PBXFileReference; fileEncoding = 4; lastKnownFileType = sourcecode.swift; path = SessionDescription.swift; sourceTree = "<group>"; };
		7F1043E81DBDFBCD006AA1EE /* ByteArray.swift */ = {isa = PBXFileReference; fileEncoding = 4; lastKnownFileType = sourcecode.swift; path = ByteArray.swift; sourceTree = "<group>"; };
		7F1043E91DBDFBCD006AA1EE /* ClockedQueue.swift */ = {isa = PBXFileReference; fileEncoding = 4; lastKnownFileType = sourcecode.swift; path = ClockedQueue.swift; sourceTree = "<group>"; };
		7F1043EA1DBDFBCD006AA1EE /* CRC32.swift */ = {isa = PBXFileReference; fileEncoding = 4; lastKnownFileType = sourcecode.swift; path = CRC32.swift; sourceTree = "<group>"; };
		7F1043EB1DBDFBCD006AA1EE /* DeviceUtil.swift */ = {isa = PBXFileReference; fileEncoding = 4; lastKnownFileType = sourcecode.swift; path = DeviceUtil.swift; sourceTree = "<group>"; };
		7F1043EC1DBDFBCD006AA1EE /* EventDispatcher.swift */ = {isa = PBXFileReference; fileEncoding = 4; lastKnownFileType = sourcecode.swift; path = EventDispatcher.swift; sourceTree = "<group>"; };
		7F1043ED1DBDFBCD006AA1EE /* MD5.swift */ = {isa = PBXFileReference; fileEncoding = 4; lastKnownFileType = sourcecode.swift; path = MD5.swift; sourceTree = "<group>"; };
		7F1043EE1DBDFBCD006AA1EE /* Mutex.swift */ = {isa = PBXFileReference; fileEncoding = 4; lastKnownFileType = sourcecode.swift; path = Mutex.swift; sourceTree = "<group>"; };
		7F1043EF1DBDFBCD006AA1EE /* VideoGravityUtil.swift */ = {isa = PBXFileReference; fileEncoding = 4; lastKnownFileType = sourcecode.swift; path = VideoGravityUtil.swift; sourceTree = "<group>"; };
		7F1044381DBDFFF3006AA1EE /* Alert.swift */ = {isa = PBXFileReference; fileEncoding = 4; lastKnownFileType = sourcecode.swift; name = Alert.swift; path = Helpers/Alert.swift; sourceTree = "<group>"; };
		7F1044391DBDFFF3006AA1EE /* StatusBarShowingViewController.swift */ = {isa = PBXFileReference; fileEncoding = 4; lastKnownFileType = sourcecode.swift; name = StatusBarShowingViewController.swift; path = Helpers/StatusBarShowingViewController.swift; sourceTree = "<group>"; };
		7F10443C1DBE0940006AA1EE /* YouTubeLiveVideo-Bridging-Header.h */ = {isa = PBXFileReference; lastKnownFileType = sourcecode.c.h; path = "YouTubeLiveVideo-Bridging-Header.h"; sourceTree = "<group>"; };
		7F1044401DBE0957006AA1EE /* JsonUtility.h */ = {isa = PBXFileReference; fileEncoding = 4; lastKnownFileType = sourcecode.c.h; name = JsonUtility.h; path = Helpers/JsonUtility.h; sourceTree = "<group>"; };
		7F1044411DBE0957006AA1EE /* JsonUtility.m */ = {isa = PBXFileReference; fileEncoding = 4; lastKnownFileType = sourcecode.c.objc; name = JsonUtility.m; path = Helpers/JsonUtility.m; sourceTree = "<group>"; };
		7F1044431DBE0AA9006AA1EE /* DateConverter.swift */ = {isa = PBXFileReference; fileEncoding = 4; lastKnownFileType = sourcecode.swift; name = DateConverter.swift; path = Helpers/DateConverter.swift; sourceTree = "<group>"; };
		7F1044451DBE2325006AA1EE /* FBSDKCoreKit.framework */ = {isa = PBXFileReference; lastKnownFileType = wrapper.framework; name = FBSDKCoreKit.framework; path = Frameworks/FBSDKCoreKit.framework; sourceTree = "<group>"; };
		7F1044461DBE2325006AA1EE /* FBSDKLoginKit.framework */ = {isa = PBXFileReference; lastKnownFileType = wrapper.framework; name = FBSDKLoginKit.framework; path = Frameworks/FBSDKLoginKit.framework; sourceTree = "<group>"; };
		7F83E3361DBDD35500DE4102 /* TableViewCell.swift */ = {isa = PBXFileReference; fileEncoding = 4; lastKnownFileType = sourcecode.swift; path = TableViewCell.swift; sourceTree = "<group>"; };
		7F83E3481DBDD49100DE4102 /* YouTubeConfigurator.swift */ = {isa = PBXFileReference; fileEncoding = 4; lastKnownFileType = sourcecode.swift; path = YouTubeConfigurator.swift; sourceTree = "<group>"; };
		7F83E3491DBDD49100DE4102 /* YouTubeLiveStreamingPresenter.swift */ = {isa = PBXFileReference; fileEncoding = 4; lastKnownFileType = sourcecode.swift; path = YouTubeLiveStreamingPresenter.swift; sourceTree = "<group>"; };
		7F83E34A1DBDD49100DE4102 /* YouTubeLiveStreamingRequest.swift */ = {isa = PBXFileReference; fileEncoding = 4; lastKnownFileType = sourcecode.swift; path = YouTubeLiveStreamingRequest.swift; sourceTree = "<group>"; };
		7F83E34B1DBDD49100DE4102 /* YouTubeLiveStreamingWorker.swift */ = {isa = PBXFileReference; fileEncoding = 4; lastKnownFileType = sourcecode.swift; path = YouTubeLiveStreamingWorker.swift; sourceTree = "<group>"; };
		7F83E3501DBDD50100DE4102 /* LiveBroadcastErrorModel.swift */ = {isa = PBXFileReference; fileEncoding = 4; lastKnownFileType = sourcecode.swift; name = LiveBroadcastErrorModel.swift; path = Model/LiveBroadcastErrorModel.swift; sourceTree = "<group>"; };
		7F83E3511DBDD50100DE4102 /* LiveBroadcastListModel.swift */ = {isa = PBXFileReference; fileEncoding = 4; lastKnownFileType = sourcecode.swift; name = LiveBroadcastListModel.swift; path = Model/LiveBroadcastListModel.swift; sourceTree = "<group>"; };
		7F83E3521DBDD50100DE4102 /* LiveBroadcastStreamModel.swift */ = {isa = PBXFileReference; fileEncoding = 4; lastKnownFileType = sourcecode.swift; name = LiveBroadcastStreamModel.swift; path = Model/LiveBroadcastStreamModel.swift; sourceTree = "<group>"; };
		7F83E3531DBDD50100DE4102 /* LiveStreamListModel.swift */ = {isa = PBXFileReference; fileEncoding = 4; lastKnownFileType = sourcecode.swift; name = LiveStreamListModel.swift; path = Model/LiveStreamListModel.swift; sourceTree = "<group>"; };
		7F83E3541DBDD50100DE4102 /* LiveStreamModel.swift */ = {isa = PBXFileReference; fileEncoding = 4; lastKnownFileType = sourcecode.swift; name = LiveStreamModel.swift; path = Model/LiveStreamModel.swift; sourceTree = "<group>"; };
		7F83E35A1DBDD58C00DE4102 /* YoutubeWorker.swift */ = {isa = PBXFileReference; fileEncoding = 4; lastKnownFileType = sourcecode.swift; path = YoutubeWorker.swift; sourceTree = "<group>"; };
		7F83E35C1DBDD5DB00DE4102 /* YoutubePlayerViewController.swift */ = {isa = PBXFileReference; fileEncoding = 4; lastKnownFileType = sourcecode.swift; path = YoutubePlayerViewController.swift; sourceTree = "<group>"; };
		7F9274A81DBDCAD00051DE6B /* YouTubeLiveVideo.app */ = {isa = PBXFileReference; explicitFileType = wrapper.application; includeInIndex = 0; path = YouTubeLiveVideo.app; sourceTree = BUILT_PRODUCTS_DIR; };
		7F9274AB1DBDCAD00051DE6B /* AppDelegate.swift */ = {isa = PBXFileReference; lastKnownFileType = sourcecode.swift; path = AppDelegate.swift; sourceTree = "<group>"; };
		7F9274AD1DBDCAD00051DE6B /* ViewController.swift */ = {isa = PBXFileReference; lastKnownFileType = sourcecode.swift; path = ViewController.swift; sourceTree = "<group>"; };
		7F9274B01DBDCAD00051DE6B /* Base */ = {isa = PBXFileReference; lastKnownFileType = file.storyboard; name = Base; path = Base.lproj/Main.storyboard; sourceTree = "<group>"; };
		7F9274B21DBDCAD00051DE6B /* Assets.xcassets */ = {isa = PBXFileReference; lastKnownFileType = folder.assetcatalog; path = Assets.xcassets; sourceTree = "<group>"; };
		7F9274B51DBDCAD00051DE6B /* Base */ = {isa = PBXFileReference; lastKnownFileType = file.storyboard; name = Base; path = Base.lproj/LaunchScreen.storyboard; sourceTree = "<group>"; };
		7F9274B71DBDCAD00051DE6B /* Info.plist */ = {isa = PBXFileReference; lastKnownFileType = text.plist.xml; path = Info.plist; sourceTree = "<group>"; };
		8D49C69C84C0F80F29371978 /* Pods_YouTubeLiveVideo.framework */ = {isa = PBXFileReference; explicitFileType = wrapper.framework; includeInIndex = 0; path = Pods_YouTubeLiveVideo.framework; sourceTree = BUILT_PRODUCTS_DIR; };
/* End PBXFileReference section */

/* Begin PBXFrameworksBuildPhase section */
		7F9274A51DBDCAD00051DE6B /* Frameworks */ = {
			isa = PBXFrameworksBuildPhase;
			buildActionMask = 2147483647;
			files = (
				7F1044471DBE2325006AA1EE /* FBSDKCoreKit.framework in Frameworks */,
				7F1044481DBE2325006AA1EE /* FBSDKLoginKit.framework in Frameworks */,
				62F6B577B430D78912B92163 /* Pods_YouTubeLiveVideo.framework in Frameworks */,
			);
			runOnlyForDeploymentPostprocessing = 0;
		};
/* End PBXFrameworksBuildPhase section */

/* Begin PBXGroup section */
		7F10439C1DBDFBBB006AA1EE /* ThirdParty */ = {
			isa = PBXGroup;
			children = (
				7F1044371DBDFF85006AA1EE /* Helpers */,
				7F10439D1DBDFBCD006AA1EE /* if */,
				7F1043A61DBDFBCD006AA1EE /* Sources */,
			);
			name = ThirdParty;
			sourceTree = "<group>";
		};
		7F10439D1DBDFBCD006AA1EE /* if */ = {
			isa = PBXGroup;
			children = (
				7F10439E1DBDFBCD006AA1EE /* iOS */,
				7F1043A41DBDFBCD006AA1EE /* VideoStreamViewController.swift */,
				7F1043A51DBDFBCD006AA1EE /* VisualEffects.swift */,
			);
			name = if;
			path = ThirdParty/if;
			sourceTree = "<group>";
		};
		7F10439E1DBDFBCD006AA1EE /* iOS */ = {
			isa = PBXGroup;
			children = (
				7F10439F1DBDFBCD006AA1EE /* AudioUtil.swift */,
				7F1043A01DBDFBCD006AA1EE /* GLLFView.swift */,
				7F1043A11DBDFBCD006AA1EE /* lf.h */,
				7F1043A21DBDFBCD006AA1EE /* LFView.swift */,
				7F1043A31DBDFBCD006AA1EE /* ScreenCaptureSession.swift */,
			);
			path = iOS;
			sourceTree = "<group>";
		};
		7F1043A61DBDFBCD006AA1EE /* Sources */ = {
			isa = PBXGroup;
			children = (
				7F1043A71DBDFBCD006AA1EE /* Codec */,
				7F1043AB1DBDFBCD006AA1EE /* Core */,
				7F1043B11DBDFBCD006AA1EE /* HTTP */,
				7F1043B91DBDFBCD006AA1EE /* ISO */,
				7F1043C11DBDFBCD006AA1EE /* Media */,
				7F1043CB1DBDFBCD006AA1EE /* Net */,
				7F1043D01DBDFBCD006AA1EE /* RTMP */,
				7F1043DD1DBDFBCD006AA1EE /* RTP */,
				7F1043E01DBDFBCD006AA1EE /* RTSP */,
				7F1043E71DBDFBCD006AA1EE /* Util */,
			);
			name = Sources;
			path = ThirdParty/Sources;
			sourceTree = "<group>";
		};
		7F1043A71DBDFBCD006AA1EE /* Codec */ = {
			isa = PBXGroup;
			children = (
				7F1043A81DBDFBCD006AA1EE /* AACEncoder.swift */,
				7F1043A91DBDFBCD006AA1EE /* AVCDecoder.swift */,
				7F1043AA1DBDFBCD006AA1EE /* AVCEncoder.swift */,
			);
			path = Codec;
			sourceTree = "<group>";
		};
		7F1043AB1DBDFBCD006AA1EE /* Core */ = {
			isa = PBXGroup;
			children = (
				7F1043AC1DBDFBCD006AA1EE /* Constant.swift */,
				7F1043AD1DBDFBCD006AA1EE /* CoreMedia+Extension.swift */,
				7F1043AE1DBDFBCD006AA1EE /* Foundation+Extension.swift */,
				7F1043AF1DBDFBCD006AA1EE /* Protocol.swift */,
				7F1043B01DBDFBCD006AA1EE /* SiwftCore+Extension.swift */,
			);
			path = Core;
			sourceTree = "<group>";
		};
		7F1043B11DBDFBCD006AA1EE /* HTTP */ = {
			isa = PBXGroup;
			children = (
				7F1043B21DBDFBCD006AA1EE /* HTTPRequest.swift */,
				7F1043B31DBDFBCD006AA1EE /* HTTPResponse.swift */,
				7F1043B41DBDFBCD006AA1EE /* HTTPService.swift */,
				7F1043B51DBDFBCD006AA1EE /* HTTPStream.swift */,
				7F1043B61DBDFBCD006AA1EE /* M3U.swift */,
				7F1043B71DBDFBCD006AA1EE /* TSReader.swift */,
				7F1043B81DBDFBCD006AA1EE /* TSWriter.swift */,
			);
			path = HTTP;
			sourceTree = "<group>";
		};
		7F1043B91DBDFBCD006AA1EE /* ISO */ = {
			isa = PBXGroup;
			children = (
				7F1043BA1DBDFBCD006AA1EE /* AudioSpecificConfig.swift */,
				7F1043BB1DBDFBCD006AA1EE /* H264+AVC.swift */,
				7F1043BC1DBDFBCD006AA1EE /* MP4File.swift */,
				7F1043BD1DBDFBCD006AA1EE /* NALUnit.swift */,
				7F1043BE1DBDFBCD006AA1EE /* PacketizedElementaryStream.swift */,
				7F1043BF1DBDFBCD006AA1EE /* ProgramSpecific.swift */,
				7F1043C01DBDFBCD006AA1EE /* TransportStream.swift */,
			);
			path = ISO;
			sourceTree = "<group>";
		};
		7F1043C11DBDFBCD006AA1EE /* Media */ = {
			isa = PBXGroup;
			children = (
				7F1043C21DBDFBCD006AA1EE /* AudioIOComponent.swift */,
				7F1043C31DBDFBCD006AA1EE /* AudioStreamPlayback.swift */,
				7F1043C41DBDFBCD006AA1EE /* AVMixer.swift */,
				7F1043C51DBDFBCD006AA1EE /* AVMixerRecorder.swift */,
				7F1043C61DBDFBCD006AA1EE /* IOComponent.swift */,
				7F1043C71DBDFBCD006AA1EE /* SoundTransform.swift */,
				7F1043C81DBDFBCD006AA1EE /* Stream.swift */,
				7F1043C91DBDFBCD006AA1EE /* VideoIOComponent.swift */,
				7F1043CA1DBDFBCD006AA1EE /* VisualEffect.swift */,
			);
			path = Media;
			sourceTree = "<group>";
		};
		7F1043CB1DBDFBCD006AA1EE /* Net */ = {
			isa = PBXGroup;
			children = (
				7F1043CC1DBDFBCD006AA1EE /* MIME.swift */,
				7F1043CD1DBDFBCD006AA1EE /* NetClient.swift */,
				7F1043CE1DBDFBCD006AA1EE /* NetService.swift */,
				7F1043CF1DBDFBCD006AA1EE /* NetSocket.swift */,
			);
			path = Net;
			sourceTree = "<group>";
		};
		7F1043D01DBDFBCD006AA1EE /* RTMP */ = {
			isa = PBXGroup;
			children = (
				7F1043D11DBDFBCD006AA1EE /* AMF0Serializer.swift */,
				7F1043D21DBDFBCD006AA1EE /* AMF3Serializer.swift */,
				7F1043D31DBDFBCD006AA1EE /* ASClass.swift */,
				7F1043D41DBDFBCD006AA1EE /* FLVTag.swift */,
				7F1043D51DBDFBCD006AA1EE /* RTMPAudioPlayback.swift */,
				7F1043D61DBDFBCD006AA1EE /* RTMPChunk.swift */,
				7F1043D71DBDFBCD006AA1EE /* RTMPConnection.swift */,
				7F1043D81DBDFBCD006AA1EE /* RTMPMessage.swift */,
				7F1043D91DBDFBCD006AA1EE /* RTMPMuxer.swift */,
				7F1043DA1DBDFBCD006AA1EE /* RTMPSharedObject.swift */,
				7F1043DB1DBDFBCD006AA1EE /* RTMPSocket.swift */,
				7F1043DC1DBDFBCD006AA1EE /* RTMPStream.swift */,
			);
			path = RTMP;
			sourceTree = "<group>";
		};
		7F1043DD1DBDFBCD006AA1EE /* RTP */ = {
			isa = PBXGroup;
			children = (
				7F1043DE1DBDFBCD006AA1EE /* RTPPacket.swift */,
				7F1043DF1DBDFBCD006AA1EE /* RTPService.swift */,
			);
			path = RTP;
			sourceTree = "<group>";
		};
		7F1043E01DBDFBCD006AA1EE /* RTSP */ = {
			isa = PBXGroup;
			children = (
				7F1043E11DBDFBCD006AA1EE /* RTSPConnection.swift */,
				7F1043E21DBDFBCD006AA1EE /* RTSPRequest.swift */,
				7F1043E31DBDFBCD006AA1EE /* RTSPResponse.swift */,
				7F1043E41DBDFBCD006AA1EE /* RTSPSocket.swift */,
				7F1043E51DBDFBCD006AA1EE /* RTSPStream.swift */,
				7F1043E61DBDFBCD006AA1EE /* SessionDescription.swift */,
			);
			path = RTSP;
			sourceTree = "<group>";
		};
		7F1043E71DBDFBCD006AA1EE /* Util */ = {
			isa = PBXGroup;
			children = (
				7F1043E81DBDFBCD006AA1EE /* ByteArray.swift */,
				7F1043E91DBDFBCD006AA1EE /* ClockedQueue.swift */,
				7F1043EA1DBDFBCD006AA1EE /* CRC32.swift */,
				7F1043EB1DBDFBCD006AA1EE /* DeviceUtil.swift */,
				7F1043EC1DBDFBCD006AA1EE /* EventDispatcher.swift */,
				7F1043ED1DBDFBCD006AA1EE /* MD5.swift */,
				7F1043EE1DBDFBCD006AA1EE /* Mutex.swift */,
				7F1043EF1DBDFBCD006AA1EE /* VideoGravityUtil.swift */,
			);
			path = Util;
			sourceTree = "<group>";
		};
		7F1044371DBDFF85006AA1EE /* Helpers */ = {
			isa = PBXGroup;
			children = (
				7F1044431DBE0AA9006AA1EE /* DateConverter.swift */,
				7F1044381DBDFFF3006AA1EE /* Alert.swift */,
				7F1044401DBE0957006AA1EE /* JsonUtility.h */,
				7F1044411DBE0957006AA1EE /* JsonUtility.m */,
				7F1044391DBDFFF3006AA1EE /* StatusBarShowingViewController.swift */,
			);
			name = Helpers;
			sourceTree = "<group>";
		};
		7F83E3351DBDD27B00DE4102 /* Model */ = {
			isa = PBXGroup;
			children = (
				7F10439A1DBDFA78006AA1EE /* Decodable.swift */,
				7F83E3501DBDD50100DE4102 /* LiveBroadcastErrorModel.swift */,
				7F83E3511DBDD50100DE4102 /* LiveBroadcastListModel.swift */,
				7F83E3521DBDD50100DE4102 /* LiveBroadcastStreamModel.swift */,
				7F83E3531DBDD50100DE4102 /* LiveStreamListModel.swift */,
				7F83E3541DBDD50100DE4102 /* LiveStreamModel.swift */,
			);
			name = Model;
			sourceTree = "<group>";
		};
		7F83E3471DBDD47F00DE4102 /* YouTubeLiveStreaming */ = {
			isa = PBXGroup;
			children = (
				7F83E3481DBDD49100DE4102 /* YouTubeConfigurator.swift */,
				7F83E3491DBDD49100DE4102 /* YouTubeLiveStreamingPresenter.swift */,
				7F83E34A1DBDD49100DE4102 /* YouTubeLiveStreamingRequest.swift */,
				7F83E34B1DBDD49100DE4102 /* YouTubeLiveStreamingWorker.swift */,
			);
			name = YouTubeLiveStreaming;
			sourceTree = "<group>";
		};
		7F92749F1DBDCAD00051DE6B = {
			isa = PBXGroup;
			children = (
				7F9274AA1DBDCAD00051DE6B /* YouTubeLiveVideo */,
				7F9274A91DBDCAD00051DE6B /* Products */,
				8D45835BEFA5D646E97921C6 /* Pods */,
				FD1738076B36F560B35DA7B2 /* Frameworks */,
			);
			sourceTree = "<group>";
		};
		7F9274A91DBDCAD00051DE6B /* Products */ = {
			isa = PBXGroup;
			children = (
				7F9274A81DBDCAD00051DE6B /* YouTubeLiveVideo.app */,
			);
			name = Products;
			sourceTree = "<group>";
		};
		7F9274AA1DBDCAD00051DE6B /* YouTubeLiveVideo */ = {
			isa = PBXGroup;
			children = (
				7F10439C1DBDFBBB006AA1EE /* ThirdParty */,
				7F83E35A1DBDD58C00DE4102 /* YoutubeWorker.swift */,
				7F83E35C1DBDD5DB00DE4102 /* YoutubePlayerViewController.swift */,
				7F83E3471DBDD47F00DE4102 /* YouTubeLiveStreaming */,
				7F83E3351DBDD27B00DE4102 /* Model */,
				7F9274AB1DBDCAD00051DE6B /* AppDelegate.swift */,
				7F9274AD1DBDCAD00051DE6B /* ViewController.swift */,
				7F83E3361DBDD35500DE4102 /* TableViewCell.swift */,
				7F9274AF1DBDCAD00051DE6B /* Main.storyboard */,
				7F9274B21DBDCAD00051DE6B /* Assets.xcassets */,
				7F9274B41DBDCAD00051DE6B /* LaunchScreen.storyboard */,
				7F10443C1DBE0940006AA1EE /* YouTubeLiveVideo-Bridging-Header.h */,
				7F9274B71DBDCAD00051DE6B /* Info.plist */,
			);
			path = YouTubeLiveVideo;
			sourceTree = "<group>";
		};
		8D45835BEFA5D646E97921C6 /* Pods */ = {
			isa = PBXGroup;
			children = (
				2F6AF40A23D40D691D15F9E0 /* Pods-YouTubeLiveVideo.debug.xcconfig */,
				1D25A3DFDBD2707F0A23DDB9 /* Pods-YouTubeLiveVideo.release.xcconfig */,
			);
			name = Pods;
			sourceTree = "<group>";
		};
		FD1738076B36F560B35DA7B2 /* Frameworks */ = {
			isa = PBXGroup;
			children = (
				7F1044451DBE2325006AA1EE /* FBSDKCoreKit.framework */,
				7F1044461DBE2325006AA1EE /* FBSDKLoginKit.framework */,
				8D49C69C84C0F80F29371978 /* Pods_YouTubeLiveVideo.framework */,
			);
			name = Frameworks;
			sourceTree = "<group>";
		};
/* End PBXGroup section */

/* Begin PBXNativeTarget section */
		7F9274A71DBDCAD00051DE6B /* YouTubeLiveVideo */ = {
			isa = PBXNativeTarget;
			buildConfigurationList = 7F9274BA1DBDCAD00051DE6B /* Build configuration list for PBXNativeTarget "YouTubeLiveVideo" */;
			buildPhases = (
				212D28A20033C99140419B3A /* [CP] Check Pods Manifest.lock */,
				7F9274A41DBDCAD00051DE6B /* Sources */,
				7F9274A51DBDCAD00051DE6B /* Frameworks */,
				7F9274A61DBDCAD00051DE6B /* Resources */,
				25E870AD25798A32FC9B1529 /* [CP] Embed Pods Frameworks */,
				C68A264E196F15DC0B818B46 /* [CP] Copy Pods Resources */,
			);
			buildRules = (
			);
			dependencies = (
			);
			name = YouTubeLiveVideo;
			productName = YouTubeLiveVideo;
			productReference = 7F9274A81DBDCAD00051DE6B /* YouTubeLiveVideo.app */;
			productType = "com.apple.product-type.application";
		};
/* End PBXNativeTarget section */

/* Begin PBXProject section */
		7F9274A01DBDCAD00051DE6B /* Project object */ = {
			isa = PBXProject;
			attributes = {
				LastSwiftUpdateCheck = 0730;
				LastUpgradeCheck = 0730;
				ORGANIZATIONNAME = "Sergey Krotkih";
				TargetAttributes = {
					7F9274A71DBDCAD00051DE6B = {
						CreatedOnToolsVersion = 7.3.1;
						DevelopmentTeam = N5B5T39W8Y;
					};
				};
			};
			buildConfigurationList = 7F9274A31DBDCAD00051DE6B /* Build configuration list for PBXProject "YouTubeLiveVideo" */;
			compatibilityVersion = "Xcode 3.2";
			developmentRegion = English;
			hasScannedForEncodings = 0;
			knownRegions = (
				en,
				Base,
			);
			mainGroup = 7F92749F1DBDCAD00051DE6B;
			productRefGroup = 7F9274A91DBDCAD00051DE6B /* Products */;
			projectDirPath = "";
			projectRoot = "";
			targets = (
				7F9274A71DBDCAD00051DE6B /* YouTubeLiveVideo */,
			);
		};
/* End PBXProject section */

/* Begin PBXResourcesBuildPhase section */
		7F9274A61DBDCAD00051DE6B /* Resources */ = {
			isa = PBXResourcesBuildPhase;
			buildActionMask = 2147483647;
			files = (
				7F9274B61DBDCAD00051DE6B /* LaunchScreen.storyboard in Resources */,
				7F9274B31DBDCAD00051DE6B /* Assets.xcassets in Resources */,
				7F9274B11DBDCAD00051DE6B /* Main.storyboard in Resources */,
			);
			runOnlyForDeploymentPostprocessing = 0;
		};
/* End PBXResourcesBuildPhase section */

/* Begin PBXShellScriptBuildPhase section */
		212D28A20033C99140419B3A /* [CP] Check Pods Manifest.lock */ = {
			isa = PBXShellScriptBuildPhase;
			buildActionMask = 2147483647;
			files = (
			);
			inputPaths = (
			);
			name = "[CP] Check Pods Manifest.lock";
			outputPaths = (
			);
			runOnlyForDeploymentPostprocessing = 0;
			shellPath = /bin/sh;
			shellScript = "diff \"${PODS_ROOT}/../Podfile.lock\" \"${PODS_ROOT}/Manifest.lock\" > /dev/null\nif [ $? != 0 ] ; then\n    # print error to STDERR\n    echo \"error: The sandbox is not in sync with the Podfile.lock. Run 'pod install' or update your CocoaPods installation.\" >&2\n    exit 1\nfi\n";
			showEnvVarsInLog = 0;
		};
		25E870AD25798A32FC9B1529 /* [CP] Embed Pods Frameworks */ = {
			isa = PBXShellScriptBuildPhase;
			buildActionMask = 2147483647;
			files = (
			);
			inputPaths = (
			);
			name = "[CP] Embed Pods Frameworks";
			outputPaths = (
			);
			runOnlyForDeploymentPostprocessing = 0;
			shellPath = /bin/sh;
			shellScript = "\"${SRCROOT}/Pods/Target Support Files/Pods-YouTubeLiveVideo/Pods-YouTubeLiveVideo-frameworks.sh\"\n";
			showEnvVarsInLog = 0;
		};
		C68A264E196F15DC0B818B46 /* [CP] Copy Pods Resources */ = {
			isa = PBXShellScriptBuildPhase;
			buildActionMask = 2147483647;
			files = (
			);
			inputPaths = (
			);
			name = "[CP] Copy Pods Resources";
			outputPaths = (
			);
			runOnlyForDeploymentPostprocessing = 0;
			shellPath = /bin/sh;
			shellScript = "\"${SRCROOT}/Pods/Target Support Files/Pods-YouTubeLiveVideo/Pods-YouTubeLiveVideo-resources.sh\"\n";
			showEnvVarsInLog = 0;
		};
/* End PBXShellScriptBuildPhase section */

/* Begin PBXSourcesBuildPhase section */
		7F9274A41DBDCAD00051DE6B /* Sources */ = {
			isa = PBXSourcesBuildPhase;
			buildActionMask = 2147483647;
			files = (
				7F83E34F1DBDD49100DE4102 /* YouTubeLiveStreamingWorker.swift in Sources */,
				7F10441B1DBDFBCD006AA1EE /* ASClass.swift in Sources */,
				7F83E3371DBDD35500DE4102 /* TableViewCell.swift in Sources */,
				7F10443A1DBDFFF3006AA1EE /* Alert.swift in Sources */,
				7F1044441DBE0AA9006AA1EE /* DateConverter.swift in Sources */,
				7F10440A1DBDFBCD006AA1EE /* ProgramSpecific.swift in Sources */,
				7F1043FB1DBDFBCD006AA1EE /* Foundation+Extension.swift in Sources */,
				7F10440B1DBDFBCD006AA1EE /* TransportStream.swift in Sources */,
				7F10441D1DBDFBCD006AA1EE /* RTMPAudioPlayback.swift in Sources */,
				7F10440F1DBDFBCD006AA1EE /* AVMixerRecorder.swift in Sources */,
				7F1044221DBDFBCD006AA1EE /* RTMPSharedObject.swift in Sources */,
				7F10441E1DBDFBCD006AA1EE /* RTMPChunk.swift in Sources */,
				7F1044081DBDFBCD006AA1EE /* NALUnit.swift in Sources */,
				7F10440C1DBDFBCD006AA1EE /* AudioIOComponent.swift in Sources */,
				7F1043FC1DBDFBCD006AA1EE /* Protocol.swift in Sources */,
				7F1044191DBDFBCD006AA1EE /* AMF0Serializer.swift in Sources */,
				7F10441A1DBDFBCD006AA1EE /* AMF3Serializer.swift in Sources */,
				7F10442D1DBDFBCD006AA1EE /* ByteArray.swift in Sources */,
				7F10441F1DBDFBCD006AA1EE /* RTMPConnection.swift in Sources */,
				7F10439B1DBDFA78006AA1EE /* Decodable.swift in Sources */,
				7F1044331DBDFBCD006AA1EE /* Mutex.swift in Sources */,
				7F1044091DBDFBCD006AA1EE /* PacketizedElementaryStream.swift in Sources */,
				7F1044021DBDFBCD006AA1EE /* M3U.swift in Sources */,
				7F10442A1DBDFBCD006AA1EE /* RTSPSocket.swift in Sources */,
				7F9274AE1DBDCAD00051DE6B /* ViewController.swift in Sources */,
				7F1044261DBDFBCD006AA1EE /* RTPService.swift in Sources */,
				7F10442E1DBDFBCD006AA1EE /* ClockedQueue.swift in Sources */,
				7F10440D1DBDFBCD006AA1EE /* AudioStreamPlayback.swift in Sources */,
				7F1044151DBDFBCD006AA1EE /* MIME.swift in Sources */,
				7F1044321DBDFBCD006AA1EE /* MD5.swift in Sources */,
				7F1044141DBDFBCD006AA1EE /* VisualEffect.swift in Sources */,
				7F83E3561DBDD50100DE4102 /* LiveBroadcastListModel.swift in Sources */,
				7F1043FA1DBDFBCD006AA1EE /* CoreMedia+Extension.swift in Sources */,
				7F1044011DBDFBCD006AA1EE /* HTTPStream.swift in Sources */,
				7F1044271DBDFBCD006AA1EE /* RTSPConnection.swift in Sources */,
				7F1044061DBDFBCD006AA1EE /* H264+AVC.swift in Sources */,
				7F83E34E1DBDD49100DE4102 /* YouTubeLiveStreamingRequest.swift in Sources */,
				7F1044281DBDFBCD006AA1EE /* RTSPRequest.swift in Sources */,
				7F1043F21DBDFBCD006AA1EE /* LFView.swift in Sources */,
				7F83E3551DBDD50100DE4102 /* LiveBroadcastErrorModel.swift in Sources */,
				7F83E35B1DBDD58C00DE4102 /* YoutubeWorker.swift in Sources */,
				7F10442B1DBDFBCD006AA1EE /* RTSPStream.swift in Sources */,
				7F10441C1DBDFBCD006AA1EE /* FLVTag.swift in Sources */,
				7F1043FD1DBDFBCD006AA1EE /* SiwftCore+Extension.swift in Sources */,
				7F1044101DBDFBCD006AA1EE /* IOComponent.swift in Sources */,
				7F1044131DBDFBCD006AA1EE /* VideoIOComponent.swift in Sources */,
				7F83E3581DBDD50100DE4102 /* LiveStreamListModel.swift in Sources */,
				7F1044251DBDFBCD006AA1EE /* RTPPacket.swift in Sources */,
				7F1044161DBDFBCD006AA1EE /* NetClient.swift in Sources */,
				7F83E3571DBDD50100DE4102 /* LiveBroadcastStreamModel.swift in Sources */,
				7F1043F51DBDFBCD006AA1EE /* VisualEffects.swift in Sources */,
				7F1043F01DBDFBCD006AA1EE /* AudioUtil.swift in Sources */,
				7F1043F41DBDFBCD006AA1EE /* VideoStreamViewController.swift in Sources */,
				7F1044121DBDFBCD006AA1EE /* Stream.swift in Sources */,
				7F1044211DBDFBCD006AA1EE /* RTMPMuxer.swift in Sources */,
				7F1044421DBE0957006AA1EE /* JsonUtility.m in Sources */,
				7F1043F11DBDFBCD006AA1EE /* GLLFView.swift in Sources */,
				7F83E34D1DBDD49100DE4102 /* YouTubeLiveStreamingPresenter.swift in Sources */,
				7F83E3591DBDD50100DE4102 /* LiveStreamModel.swift in Sources */,
				7F1043F91DBDFBCD006AA1EE /* Constant.swift in Sources */,
				7F1044311DBDFBCD006AA1EE /* EventDispatcher.swift in Sources */,
				7F83E35D1DBDD5DB00DE4102 /* YoutubePlayerViewController.swift in Sources */,
				7F9274AC1DBDCAD00051DE6B /* AppDelegate.swift in Sources */,
				7F1043FF1DBDFBCD006AA1EE /* HTTPResponse.swift in Sources */,
				7F1044241DBDFBCD006AA1EE /* RTMPStream.swift in Sources */,
				7F10442F1DBDFBCD006AA1EE /* CRC32.swift in Sources */,
				7F10440E1DBDFBCD006AA1EE /* AVMixer.swift in Sources */,
				7F83E34C1DBDD49100DE4102 /* YouTubeConfigurator.swift in Sources */,
				7F1043F71DBDFBCD006AA1EE /* AVCDecoder.swift in Sources */,
				7F1044041DBDFBCD006AA1EE /* TSWriter.swift in Sources */,
				7F1044201DBDFBCD006AA1EE /* RTMPMessage.swift in Sources */,
				7F1044031DBDFBCD006AA1EE /* TSReader.swift in Sources */,
				7F1043F81DBDFBCD006AA1EE /* AVCEncoder.swift in Sources */,
				7F1044171DBDFBCD006AA1EE /* NetService.swift in Sources */,
				7F1044071DBDFBCD006AA1EE /* MP4File.swift in Sources */,
				7F1044051DBDFBCD006AA1EE /* AudioSpecificConfig.swift in Sources */,
				7F1044181DBDFBCD006AA1EE /* NetSocket.swift in Sources */,
				7F1043FE1DBDFBCD006AA1EE /* HTTPRequest.swift in Sources */,
				7F1044001DBDFBCD006AA1EE /* HTTPService.swift in Sources */,
				7F1044301DBDFBCD006AA1EE /* DeviceUtil.swift in Sources */,
				7F1043F61DBDFBCD006AA1EE /* AACEncoder.swift in Sources */,
				7F1044291DBDFBCD006AA1EE /* RTSPResponse.swift in Sources */,
				7F1044111DBDFBCD006AA1EE /* SoundTransform.swift in Sources */,
				7F1044341DBDFBCD006AA1EE /* VideoGravityUtil.swift in Sources */,
				7F10443B1DBDFFF3006AA1EE /* StatusBarShowingViewController.swift in Sources */,
				7F1044231DBDFBCD006AA1EE /* RTMPSocket.swift in Sources */,
				7F1043F31DBDFBCD006AA1EE /* ScreenCaptureSession.swift in Sources */,
				7F10442C1DBDFBCD006AA1EE /* SessionDescription.swift in Sources */,
			);
			runOnlyForDeploymentPostprocessing = 0;
		};
/* End PBXSourcesBuildPhase section */

/* Begin PBXVariantGroup section */
		7F9274AF1DBDCAD00051DE6B /* Main.storyboard */ = {
			isa = PBXVariantGroup;
			children = (
				7F9274B01DBDCAD00051DE6B /* Base */,
			);
			name = Main.storyboard;
			sourceTree = "<group>";
		};
		7F9274B41DBDCAD00051DE6B /* LaunchScreen.storyboard */ = {
			isa = PBXVariantGroup;
			children = (
				7F9274B51DBDCAD00051DE6B /* Base */,
			);
			name = LaunchScreen.storyboard;
			sourceTree = "<group>";
		};
/* End PBXVariantGroup section */

/* Begin XCBuildConfiguration section */
		7F9274B81DBDCAD00051DE6B /* Debug */ = {
			isa = XCBuildConfiguration;
			buildSettings = {
				ALWAYS_SEARCH_USER_PATHS = NO;
				CLANG_ANALYZER_NONNULL = YES;
				CLANG_CXX_LANGUAGE_STANDARD = "gnu++0x";
				CLANG_CXX_LIBRARY = "libc++";
				CLANG_ENABLE_MODULES = YES;
				CLANG_ENABLE_OBJC_ARC = YES;
				CLANG_WARN_BOOL_CONVERSION = YES;
				CLANG_WARN_CONSTANT_CONVERSION = YES;
				CLANG_WARN_DIRECT_OBJC_ISA_USAGE = YES_ERROR;
				CLANG_WARN_EMPTY_BODY = YES;
				CLANG_WARN_ENUM_CONVERSION = YES;
				CLANG_WARN_INT_CONVERSION = YES;
				CLANG_WARN_OBJC_ROOT_CLASS = YES_ERROR;
				CLANG_WARN_UNREACHABLE_CODE = YES;
				CLANG_WARN__DUPLICATE_METHOD_MATCH = YES;
				"CODE_SIGN_IDENTITY[sdk=iphoneos*]" = "iPhone Developer";
				COPY_PHASE_STRIP = NO;
				DEBUG_INFORMATION_FORMAT = dwarf;
				ENABLE_STRICT_OBJC_MSGSEND = YES;
				ENABLE_TESTABILITY = YES;
				GCC_C_LANGUAGE_STANDARD = gnu99;
				GCC_DYNAMIC_NO_PIC = NO;
				GCC_NO_COMMON_BLOCKS = YES;
				GCC_OPTIMIZATION_LEVEL = 0;
				GCC_PREPROCESSOR_DEFINITIONS = (
					"DEBUG=1",
					"$(inherited)",
				);
				GCC_WARN_64_TO_32_BIT_CONVERSION = YES;
				GCC_WARN_ABOUT_RETURN_TYPE = YES_ERROR;
				GCC_WARN_UNDECLARED_SELECTOR = YES;
				GCC_WARN_UNINITIALIZED_AUTOS = YES_AGGRESSIVE;
				GCC_WARN_UNUSED_FUNCTION = YES;
				GCC_WARN_UNUSED_VARIABLE = YES;
				IPHONEOS_DEPLOYMENT_TARGET = 9.3;
				MTL_ENABLE_DEBUG_INFO = YES;
				ONLY_ACTIVE_ARCH = YES;
				SDKROOT = iphoneos;
				SWIFT_OPTIMIZATION_LEVEL = "-Onone";
			};
			name = Debug;
		};
		7F9274B91DBDCAD00051DE6B /* Release */ = {
			isa = XCBuildConfiguration;
			buildSettings = {
				ALWAYS_SEARCH_USER_PATHS = NO;
				CLANG_ANALYZER_NONNULL = YES;
				CLANG_CXX_LANGUAGE_STANDARD = "gnu++0x";
				CLANG_CXX_LIBRARY = "libc++";
				CLANG_ENABLE_MODULES = YES;
				CLANG_ENABLE_OBJC_ARC = YES;
				CLANG_WARN_BOOL_CONVERSION = YES;
				CLANG_WARN_CONSTANT_CONVERSION = YES;
				CLANG_WARN_DIRECT_OBJC_ISA_USAGE = YES_ERROR;
				CLANG_WARN_EMPTY_BODY = YES;
				CLANG_WARN_ENUM_CONVERSION = YES;
				CLANG_WARN_INT_CONVERSION = YES;
				CLANG_WARN_OBJC_ROOT_CLASS = YES_ERROR;
				CLANG_WARN_UNREACHABLE_CODE = YES;
				CLANG_WARN__DUPLICATE_METHOD_MATCH = YES;
				"CODE_SIGN_IDENTITY[sdk=iphoneos*]" = "iPhone Developer";
				COPY_PHASE_STRIP = NO;
				DEBUG_INFORMATION_FORMAT = "dwarf-with-dsym";
				ENABLE_NS_ASSERTIONS = NO;
				ENABLE_STRICT_OBJC_MSGSEND = YES;
				GCC_C_LANGUAGE_STANDARD = gnu99;
				GCC_NO_COMMON_BLOCKS = YES;
				GCC_WARN_64_TO_32_BIT_CONVERSION = YES;
				GCC_WARN_ABOUT_RETURN_TYPE = YES_ERROR;
				GCC_WARN_UNDECLARED_SELECTOR = YES;
				GCC_WARN_UNINITIALIZED_AUTOS = YES_AGGRESSIVE;
				GCC_WARN_UNUSED_FUNCTION = YES;
				GCC_WARN_UNUSED_VARIABLE = YES;
				IPHONEOS_DEPLOYMENT_TARGET = 9.3;
				MTL_ENABLE_DEBUG_INFO = NO;
				SDKROOT = iphoneos;
				VALIDATE_PRODUCT = YES;
			};
			name = Release;
		};
		7F9274BB1DBDCAD00051DE6B /* Debug */ = {
			isa = XCBuildConfiguration;
			baseConfigurationReference = 2F6AF40A23D40D691D15F9E0 /* Pods-YouTubeLiveVideo.debug.xcconfig */;
			buildSettings = {
				ASSETCATALOG_COMPILER_APPICON_NAME = AppIcon;
				CLANG_ENABLE_MODULES = YES;
				CODE_SIGN_IDENTITY = "iPhone Developer: Sergey Krotkih (XTAKRQ2Y9M)";
				FRAMEWORK_SEARCH_PATHS = (
					"$(inherited)",
					"$(PROJECT_DIR)/Frameworks",
				);
				INFOPLIST_FILE = YouTubeLiveVideo/Info.plist;
				IPHONEOS_DEPLOYMENT_TARGET = 9.0;
				LD_RUNPATH_SEARCH_PATHS = "$(inherited) @executable_path/Frameworks";
				PRODUCT_BUNDLE_IDENTIFIER = com.skappledev.YouTubeLiveVideo;
				PRODUCT_NAME = "$(TARGET_NAME)";
				PROVISIONING_PROFILE = "b282cfc9-ff8e-4473-8981-4697d64c28ad";
				SWIFT_OBJC_BRIDGING_HEADER = "YouTubeLiveVideo/YouTubeLiveVideo-Bridging-Header.h";
				SWIFT_OPTIMIZATION_LEVEL = "-Onone";
			};
			name = Debug;
		};
		7F9274BC1DBDCAD00051DE6B /* Release */ = {
			isa = XCBuildConfiguration;
			baseConfigurationReference = 1D25A3DFDBD2707F0A23DDB9 /* Pods-YouTubeLiveVideo.release.xcconfig */;
			buildSettings = {
				ASSETCATALOG_COMPILER_APPICON_NAME = AppIcon;
				CLANG_ENABLE_MODULES = YES;
				CODE_SIGN_IDENTITY = "iPhone Developer: Sergey Krotkih (XTAKRQ2Y9M)";
				FRAMEWORK_SEARCH_PATHS = (
					"$(inherited)",
					"$(PROJECT_DIR)/Frameworks",
				);
				INFOPLIST_FILE = YouTubeLiveVideo/Info.plist;
				IPHONEOS_DEPLOYMENT_TARGET = 9.0;
				LD_RUNPATH_SEARCH_PATHS = "$(inherited) @executable_path/Frameworks";
				PRODUCT_BUNDLE_IDENTIFIER = com.skappledev.YouTubeLiveVideo;
				PRODUCT_NAME = "$(TARGET_NAME)";
				PROVISIONING_PROFILE = "b282cfc9-ff8e-4473-8981-4697d64c28ad";
				SWIFT_OBJC_BRIDGING_HEADER = "YouTubeLiveVideo/YouTubeLiveVideo-Bridging-Header.h";
			};
			name = Release;
		};
/* End XCBuildConfiguration section */

/* Begin XCConfigurationList section */
		7F9274A31DBDCAD00051DE6B /* Build configuration list for PBXProject "YouTubeLiveVideo" */ = {
			isa = XCConfigurationList;
			buildConfigurations = (
				7F9274B81DBDCAD00051DE6B /* Debug */,
				7F9274B91DBDCAD00051DE6B /* Release */,
			);
			defaultConfigurationIsVisible = 0;
			defaultConfigurationName = Release;
		};
		7F9274BA1DBDCAD00051DE6B /* Build configuration list for PBXNativeTarget "YouTubeLiveVideo" */ = {
			isa = XCConfigurationList;
			buildConfigurations = (
				7F9274BB1DBDCAD00051DE6B /* Debug */,
				7F9274BC1DBDCAD00051DE6B /* Release */,
			);
			defaultConfigurationIsVisible = 0;
			defaultConfigurationName = Release;
		};
/* End XCConfigurationList section */
	};
	rootObject = 7F9274A01DBDCAD00051DE6B /* Project object */;
}
